
Microsoft Visual Studio Solution File, Format Version 12.00
# Visual Studio Version 17
Project("{8BC9CEB8-8B4A-11D0-8D11-00A0C91BC942}") = "VulkanTest", "VulkanTest\VulkanTest.vcxproj", "{9632B290-82EA-F3DD-EBF1-CC39D7C88ECE}"
EndProject
Global
	GlobalSection(SolutionConfigurationPlatforms) = preSolution
		Debug|x64 = Debug|x64
		Dist|x64 = Dist|x64
		Release|x64 = Release|x64
	EndGlobalSection
	GlobalSection(ProjectConfigurationPlatforms) = postSolution
		{9632B290-82EA-F3DD-EBF1-CC39D7C88ECE}.Debug|x64.ActiveCfg = Debug|x64
		{9632B290-82EA-F3DD-EBF1-CC39D7C88ECE}.Debug|x64.Build.0 = Debug|x64
		{9632B290-82EA-F3DD-EBF1-CC39D7C88ECE}.Dist|x64.ActiveCfg = Dist|x64
		{9632B290-82EA-F3DD-EBF1-CC39D7C88ECE}.Dist|x64.Build.0 = Dist|x64
		{9632B290-82EA-F3DD-EBF1-CC39D7C88ECE}.Release|x64.ActiveCfg = Release|x64
		{9632B290-82EA-F3DD-EBF1-CC39D7C88ECE}.Release|x64.Build.0 = Release|x64
	EndGlobalSection
	GlobalSection(SolutionProperties) = preSolution
		HideSolutionNode = FALSE
	EndGlobalSection
EndGlobal
